
Microsoft Visual Studio Solution File, Format Version 12.00
# Visual Studio Version 17
VisualStudioVersion = 17.14.36202.13
MinimumVisualStudioVersion = 10.0.40219.1
Project("{FAE04EC0-301F-11D3-BF4B-00C04F79EFBC}") = "PlantTracker.WebApi", "PlantTracker.WebApi.csproj", "{6279D191-6BA9-45EF-A3E8-AE1E43E8F0DB}"
EndProject
Project("{2150E333-8FDC-42A3-9474-1A3956D46DE8}") = "src", "src", "{02EA681E-C7D8-13C7-8484-4AC65E1B71E8}"
EndProject
Project("{2150E333-8FDC-42A3-9474-1A3956D46DE8}") = "test", "test", "{D9A1EAA4-E989-45F5-8826-A89AF4E578DA}"
EndProject
Project("{FAE04EC0-301F-11D3-BF4B-00C04F79EFBC}") = "PlantTracker.Core", "..\PlantTracker.Core\PlantTracker.Core.csproj", "{6CA22C71-FFEC-4675-E02B-044A3BCE9D56}"
EndProject
Project("{FAE04EC0-301F-11D3-BF4B-00C04F79EFBC}") = "PlantTracker.Infrastructure", "..\PlantTracker.Infrasturcture\PlantTracker.Infrastructure.csproj", "{E4EBF98C-58B9-F299-B5BE-A82B99C26779}"
EndProject
Project("{FAE04EC0-301F-11D3-BF4B-00C04F79EFBC}") = "PlantTracker.Application", "..\PlantTracker.Application\PlantTracker.Application.csproj", "{07401857-27C0-2058-D235-7A6A857D47C1}"
EndProject
Project("{FAE04EC0-301F-11D3-BF4B-00C04F79EFBC}") = "PlantTracker.Application.UnitTests", "..\PlantTracker.Application.UnitTests\PlantTracker.Application.UnitTests.csproj", "{02B2B7CC-1A85-46E5-9189-7C1B577380F3}"
EndProject
Project("{FAE04EC0-301F-11D3-BF4B-00C04F79EFBC}") = "PlantTracker.Infrastructure.UnitTests", "..\PlantTracker.Infrastructure.UnitTests\PlantTracker.Infrastructure.UnitTests.csproj", "{765B8517-BC33-4007-A150-D3505BFA9C50}"
EndProject
Project("{FAE04EC0-301F-11D3-BF4B-00C04F79EFBC}") = "PlantTracker.WebApi.UnitTests", "..\PlantTracker.WebApi.UnitTests\PlantTracker.WebApi.UnitTests.csproj", "{B8E87E50-CB2E-443F-AEF8-A09B0667D801}"
EndProject
Global
	GlobalSection(SolutionConfigurationPlatforms) = preSolution
		Debug|Any CPU = Debug|Any CPU
		Release|Any CPU = Release|Any CPU
	EndGlobalSection
	GlobalSection(ProjectConfigurationPlatforms) = postSolution
		{6279D191-6BA9-45EF-A3E8-AE1E43E8F0DB}.Debug|Any CPU.ActiveCfg = Debug|Any CPU
		{6279D191-6BA9-45EF-A3E8-AE1E43E8F0DB}.Debug|Any CPU.Build.0 = Debug|Any CPU
		{6279D191-6BA9-45EF-A3E8-AE1E43E8F0DB}.Release|Any CPU.ActiveCfg = Release|Any CPU
		{6279D191-6BA9-45EF-A3E8-AE1E43E8F0DB}.Release|Any CPU.Build.0 = Release|Any CPU
		{6CA22C71-FFEC-4675-E02B-044A3BCE9D56}.Debug|Any CPU.ActiveCfg = Debug|Any CPU
		{6CA22C71-FFEC-4675-E02B-044A3BCE9D56}.Debug|Any CPU.Build.0 = Debug|Any CPU
		{6CA22C71-FFEC-4675-E02B-044A3BCE9D56}.Release|Any CPU.ActiveCfg = Release|Any CPU
		{6CA22C71-FFEC-4675-E02B-044A3BCE9D56}.Release|Any CPU.Build.0 = Release|Any CPU
		{E4EBF98C-58B9-F299-B5BE-A82B99C26779}.Debug|Any CPU.ActiveCfg = Debug|Any CPU
		{E4EBF98C-58B9-F299-B5BE-A82B99C26779}.Debug|Any CPU.Build.0 = Debug|Any CPU
		{E4EBF98C-58B9-F299-B5BE-A82B99C26779}.Release|Any CPU.ActiveCfg = Release|Any CPU
		{E4EBF98C-58B9-F299-B5BE-A82B99C26779}.Release|Any CPU.Build.0 = Release|Any CPU
		{07401857-27C0-2058-D235-7A6A857D47C1}.Debug|Any CPU.ActiveCfg = Debug|Any CPU
		{07401857-27C0-2058-D235-7A6A857D47C1}.Debug|Any CPU.Build.0 = Debug|Any CPU
		{07401857-27C0-2058-D235-7A6A857D47C1}.Release|Any CPU.ActiveCfg = Release|Any CPU
		{07401857-27C0-2058-D235-7A6A857D47C1}.Release|Any CPU.Build.0 = Release|Any CPU
		{02B2B7CC-1A85-46E5-9189-7C1B577380F3}.Debug|Any CPU.ActiveCfg = Debug|Any CPU
		{02B2B7CC-1A85-46E5-9189-7C1B577380F3}.Debug|Any CPU.Build.0 = Debug|Any CPU
		{02B2B7CC-1A85-46E5-9189-7C1B577380F3}.Release|Any CPU.ActiveCfg = Release|Any CPU
		{02B2B7CC-1A85-46E5-9189-7C1B577380F3}.Release|Any CPU.Build.0 = Release|Any CPU
		{765B8517-BC33-4007-A150-D3505BFA9C50}.Debug|Any CPU.ActiveCfg = Debug|Any CPU
		{765B8517-BC33-4007-A150-D3505BFA9C50}.Debug|Any CPU.Build.0 = Debug|Any CPU
		{765B8517-BC33-4007-A150-D3505BFA9C50}.Release|Any CPU.ActiveCfg = Release|Any CPU
		{765B8517-BC33-4007-A150-D3505BFA9C50}.Release|Any CPU.Build.0 = Release|Any CPU
		{B8E87E50-CB2E-443F-AEF8-A09B0667D801}.Debug|Any CPU.ActiveCfg = Debug|Any CPU
		{B8E87E50-CB2E-443F-AEF8-A09B0667D801}.Debug|Any CPU.Build.0 = Debug|Any CPU
		{B8E87E50-CB2E-443F-AEF8-A09B0667D801}.Release|Any CPU.ActiveCfg = Release|Any CPU
		{B8E87E50-CB2E-443F-AEF8-A09B0667D801}.Release|Any CPU.Build.0 = Release|Any CPU
	EndGlobalSection
	GlobalSection(SolutionProperties) = preSolution
		HideSolutionNode = FALSE
	EndGlobalSection
	GlobalSection(NestedProjects) = preSolution
		{6279D191-6BA9-45EF-A3E8-AE1E43E8F0DB} = {02EA681E-C7D8-13C7-8484-4AC65E1B71E8}
		{6CA22C71-FFEC-4675-E02B-044A3BCE9D56} = {02EA681E-C7D8-13C7-8484-4AC65E1B71E8}
		{E4EBF98C-58B9-F299-B5BE-A82B99C26779} = {02EA681E-C7D8-13C7-8484-4AC65E1B71E8}
		{07401857-27C0-2058-D235-7A6A857D47C1} = {02EA681E-C7D8-13C7-8484-4AC65E1B71E8}
		{02B2B7CC-1A85-46E5-9189-7C1B577380F3} = {D9A1EAA4-E989-45F5-8826-A89AF4E578DA}
		{765B8517-BC33-4007-A150-D3505BFA9C50} = {D9A1EAA4-E989-45F5-8826-A89AF4E578DA}
		{B8E87E50-CB2E-443F-AEF8-A09B0667D801} = {D9A1EAA4-E989-45F5-8826-A89AF4E578DA}
	EndGlobalSection
	GlobalSection(ExtensibilityGlobals) = postSolution
		SolutionGuid = {D78318A4-CAD0-446A-92A3-0DB2180C19B7}
	EndGlobalSection
EndGlobal
